
Microsoft Visual Studio Solution File, Format Version 12.00
# Visual Studio Version 17
VisualStudioVersion = 17.9.34616.47
MinimumVisualStudioVersion = 10.0.40219.1
Project("{FAE04EC0-301F-11D3-BF4B-00C04F79EFBC}") = "training3", "training3\training3.csproj", "{CFD52F9A-5BC8-47B0-8E9F-74F25CAE349C}"
EndProject
Global
	GlobalSection(SolutionConfigurationPlatforms) = preSolution
		Debug|Any CPU = Debug|Any CPU
		Release|Any CPU = Release|Any CPU
	EndGlobalSection
	GlobalSection(ProjectConfigurationPlatforms) = postSolution
		{CFD52F9A-5BC8-47B0-8E9F-74F25CAE349C}.Debug|Any CPU.ActiveCfg = Debug|Any CPU
		{CFD52F9A-5BC8-47B0-8E9F-74F25CAE349C}.Debug|Any CPU.Build.0 = Debug|Any CPU
		{CFD52F9A-5BC8-47B0-8E9F-74F25CAE349C}.Release|Any CPU.ActiveCfg = Release|Any CPU
		{CFD52F9A-5BC8-47B0-8E9F-74F25CAE349C}.Release|Any CPU.Build.0 = Release|Any CPU
	EndGlobalSection
	GlobalSection(SolutionProperties) = preSolution
		HideSolutionNode = FALSE
	EndGlobalSection
	GlobalSection(ExtensibilityGlobals) = postSolution
		SolutionGuid = {9DD1C270-9831-4674-A010-1CB719D5E4A9}
	EndGlobalSection
EndGlobal
